
Microsoft Visual Studio Solution File, Format Version 12.00
# Visual Studio Version 17
VisualStudioVersion = 17.14.36408.4
MinimumVisualStudioVersion = 10.0.40219.1
Project("{FAE04EC0-301F-11D3-BF4B-00C04F79EFBC}") = "SallseSense", "SallseSense.csproj", "{45EE62F5-FE80-4497-ADCD-C77CB9273876}"
EndProject
Global
	GlobalSection(SolutionConfigurationPlatforms) = preSolution
		Debug|Any CPU = Debug|Any CPU
		Release|Any CPU = Release|Any CPU
	EndGlobalSection
	GlobalSection(ProjectConfigurationPlatforms) = postSolution
		{45EE62F5-FE80-4497-ADCD-C77CB9273876}.Debug|Any CPU.ActiveCfg = Debug|Any CPU
		{45EE62F5-FE80-4497-ADCD-C77CB9273876}.Debug|Any CPU.Build.0 = Debug|Any CPU
		{45EE62F5-FE80-4497-ADCD-C77CB9273876}.Release|Any CPU.ActiveCfg = Release|Any CPU
		{45EE62F5-FE80-4497-ADCD-C77CB9273876}.Release|Any CPU.Build.0 = Release|Any CPU
	EndGlobalSection
	GlobalSection(SolutionProperties) = preSolution
		HideSolutionNode = FALSE
	EndGlobalSection
	GlobalSection(ExtensibilityGlobals) = postSolution
		SolutionGuid = {84479951-3833-44B5-9289-E5423F12CFDA}
	EndGlobalSection
EndGlobal
